
Microsoft Visual Studio Solution File, Format Version 12.00
# Visual Studio Version 16
VisualStudioVersion = 16.0.33529.622
MinimumVisualStudioVersion = 10.0.40219.1
Project("{FAE04EC0-301F-11D3-BF4B-00C04F79EFBC}") = "lab5", "lab5.csproj", "{594FD454-90AE-497A-BD0F-78E030BACA2F}"
EndProject
Global
	GlobalSection(SolutionConfigurationPlatforms) = preSolution
		Debug|Any CPU = Debug|Any CPU
		Release|Any CPU = Release|Any CPU
	EndGlobalSection
	GlobalSection(ProjectConfigurationPlatforms) = postSolution
		{594FD454-90AE-497A-BD0F-78E030BACA2F}.Debug|Any CPU.ActiveCfg = Debug|Any CPU
		{594FD454-90AE-497A-BD0F-78E030BACA2F}.Debug|Any CPU.Build.0 = Debug|Any CPU
		{594FD454-90AE-497A-BD0F-78E030BACA2F}.Release|Any CPU.ActiveCfg = Release|Any CPU
		{594FD454-90AE-497A-BD0F-78E030BACA2F}.Release|Any CPU.Build.0 = Release|Any CPU
	EndGlobalSection
	GlobalSection(SolutionProperties) = preSolution
		HideSolutionNode = FALSE
	EndGlobalSection
	GlobalSection(ExtensibilityGlobals) = postSolution
		SolutionGuid = {1C4A22BF-BDEA-4E74-9F08-0158B6F1B1D5}
	EndGlobalSection
EndGlobal
