
Microsoft Visual Studio Solution File, Format Version 12.00
# Visual Studio Version 16
VisualStudioVersion = 16.0.33529.622
MinimumVisualStudioVersion = 10.0.40219.1
Project("{FAE04EC0-301F-11D3-BF4B-00C04F79EFBC}") = "lab6", "lab6.csproj", "{CEE82527-0076-46F1-A7F9-28D5BFA3DC41}"
EndProject
Global
	GlobalSection(SolutionConfigurationPlatforms) = preSolution
		Debug|Any CPU = Debug|Any CPU
		Release|Any CPU = Release|Any CPU
	EndGlobalSection
	GlobalSection(ProjectConfigurationPlatforms) = postSolution
		{CEE82527-0076-46F1-A7F9-28D5BFA3DC41}.Debug|Any CPU.ActiveCfg = Debug|Any CPU
		{CEE82527-0076-46F1-A7F9-28D5BFA3DC41}.Debug|Any CPU.Build.0 = Debug|Any CPU
		{CEE82527-0076-46F1-A7F9-28D5BFA3DC41}.Release|Any CPU.ActiveCfg = Release|Any CPU
		{CEE82527-0076-46F1-A7F9-28D5BFA3DC41}.Release|Any CPU.Build.0 = Release|Any CPU
	EndGlobalSection
	GlobalSection(SolutionProperties) = preSolution
		HideSolutionNode = FALSE
	EndGlobalSection
	GlobalSection(ExtensibilityGlobals) = postSolution
		SolutionGuid = {70B9651B-E7E6-4473-95F4-B75E4EAFE3E0}
	EndGlobalSection
EndGlobal
