
Microsoft Visual Studio Solution File, Format Version 12.00
# Visual Studio Version 16
VisualStudioVersion = 16.0.33529.622
MinimumVisualStudioVersion = 10.0.40219.1
Project("{FAE04EC0-301F-11D3-BF4B-00C04F79EFBC}") = "lab2_server", "lab2_server.csproj", "{85386EC5-CA95-401B-A267-1636EC1DDBDA}"
EndProject
Global
	GlobalSection(SolutionConfigurationPlatforms) = preSolution
		Debug|Any CPU = Debug|Any CPU
		Release|Any CPU = Release|Any CPU
	EndGlobalSection
	GlobalSection(ProjectConfigurationPlatforms) = postSolution
		{85386EC5-CA95-401B-A267-1636EC1DDBDA}.Debug|Any CPU.ActiveCfg = Debug|Any CPU
		{85386EC5-CA95-401B-A267-1636EC1DDBDA}.Debug|Any CPU.Build.0 = Debug|Any CPU
		{85386EC5-CA95-401B-A267-1636EC1DDBDA}.Release|Any CPU.ActiveCfg = Release|Any CPU
		{85386EC5-CA95-401B-A267-1636EC1DDBDA}.Release|Any CPU.Build.0 = Release|Any CPU
	EndGlobalSection
	GlobalSection(SolutionProperties) = preSolution
		HideSolutionNode = FALSE
	EndGlobalSection
	GlobalSection(ExtensibilityGlobals) = postSolution
		SolutionGuid = {91A49C03-A877-4B66-9990-27F3B4EC4F10}
	EndGlobalSection
EndGlobal
